
Microsoft Visual Studio Solution File, Format Version 12.00
# Visual Studio Version 17
VisualStudioVersion = 17.5.33424.131
MinimumVisualStudioVersion = 10.0.40219.1
Project("{8BC9CEB8-8B4A-11D0-8D11-00A0C91BC942}") = "Task1", "Task1\Task1.vcxproj", "{2D34EE56-4163-41E9-89AB-D0DB1A46E3AF}"
EndProject
Project("{8BC9CEB8-8B4A-11D0-8D11-00A0C91BC942}") = "GreeterLib", "GreeterLib\GreeterLib.vcxproj", "{8AF76268-1DF9-44AA-A6CD-72D6F44E5573}"
EndProject
Global
	GlobalSection(SolutionConfigurationPlatforms) = preSolution
		Debug|x64 = Debug|x64
		Debug|x86 = Debug|x86
		Release|x64 = Release|x64
		Release|x86 = Release|x86
	EndGlobalSection
	GlobalSection(ProjectConfigurationPlatforms) = postSolution
		{2D34EE56-4163-41E9-89AB-D0DB1A46E3AF}.Debug|x64.ActiveCfg = Debug|x64
		{2D34EE56-4163-41E9-89AB-D0DB1A46E3AF}.Debug|x64.Build.0 = Debug|x64
		{2D34EE56-4163-41E9-89AB-D0DB1A46E3AF}.Debug|x86.ActiveCfg = Debug|Win32
		{2D34EE56-4163-41E9-89AB-D0DB1A46E3AF}.Debug|x86.Build.0 = Debug|Win32
		{2D34EE56-4163-41E9-89AB-D0DB1A46E3AF}.Release|x64.ActiveCfg = Release|x64
		{2D34EE56-4163-41E9-89AB-D0DB1A46E3AF}.Release|x64.Build.0 = Release|x64
		{2D34EE56-4163-41E9-89AB-D0DB1A46E3AF}.Release|x86.ActiveCfg = Release|Win32
		{2D34EE56-4163-41E9-89AB-D0DB1A46E3AF}.Release|x86.Build.0 = Release|Win32
		{8AF76268-1DF9-44AA-A6CD-72D6F44E5573}.Debug|x64.ActiveCfg = Debug|x64
		{8AF76268-1DF9-44AA-A6CD-72D6F44E5573}.Debug|x64.Build.0 = Debug|x64
		{8AF76268-1DF9-44AA-A6CD-72D6F44E5573}.Debug|x86.ActiveCfg = Debug|Win32
		{8AF76268-1DF9-44AA-A6CD-72D6F44E5573}.Debug|x86.Build.0 = Debug|Win32
		{8AF76268-1DF9-44AA-A6CD-72D6F44E5573}.Release|x64.ActiveCfg = Release|x64
		{8AF76268-1DF9-44AA-A6CD-72D6F44E5573}.Release|x64.Build.0 = Release|x64
		{8AF76268-1DF9-44AA-A6CD-72D6F44E5573}.Release|x86.ActiveCfg = Release|Win32
		{8AF76268-1DF9-44AA-A6CD-72D6F44E5573}.Release|x86.Build.0 = Release|Win32
	EndGlobalSection
	GlobalSection(SolutionProperties) = preSolution
		HideSolutionNode = FALSE
	EndGlobalSection
	GlobalSection(ExtensibilityGlobals) = postSolution
		SolutionGuid = {6478EAA4-4F89-4930-8F0C-1330F91D887D}
	EndGlobalSection
EndGlobal
